
Microsoft Visual Studio Solution File, Format Version 12.00
# Visual Studio 14
VisualStudioVersion = 14.0.25420.1
MinimumVisualStudioVersion = 10.0.40219.1
Project("{2150E333-8FDC-42A3-9474-1A3956D46DE8}") = "src", "src", "{8C3C7CB5-597A-477A-AAD7-E37762F6591E}"
EndProject
Project("{2150E333-8FDC-42A3-9474-1A3956D46DE8}") = "Solution Items", "Solution Items", "{E5ACE327-02CE-4B12-92AF-FB25C5B95567}"
	ProjectSection(SolutionItems) = preProject
		global.json = global.json
	EndProjectSection
EndProject
Project("{8BB2217D-0F2D-49D1-97BC-3654ED321F3B}") = "CodeFirstMigration", "src\CodeFirstMigration\CodeFirstMigration.xproj", "{E647DD83-89E9-4C9C-AC8E-0FD45E71F16D}"
EndProject
Global
	GlobalSection(SolutionConfigurationPlatforms) = preSolution
		Debug|Any CPU = Debug|Any CPU
		Release|Any CPU = Release|Any CPU
	EndGlobalSection
	GlobalSection(ProjectConfigurationPlatforms) = postSolution
		{E647DD83-89E9-4C9C-AC8E-0FD45E71F16D}.Debug|Any CPU.ActiveCfg = Debug|Any CPU
		{E647DD83-89E9-4C9C-AC8E-0FD45E71F16D}.Debug|Any CPU.Build.0 = Debug|Any CPU
		{E647DD83-89E9-4C9C-AC8E-0FD45E71F16D}.Release|Any CPU.ActiveCfg = Release|Any CPU
		{E647DD83-89E9-4C9C-AC8E-0FD45E71F16D}.Release|Any CPU.Build.0 = Release|Any CPU
	EndGlobalSection
	GlobalSection(SolutionProperties) = preSolution
		HideSolutionNode = FALSE
	EndGlobalSection
	GlobalSection(NestedProjects) = preSolution
		{E647DD83-89E9-4C9C-AC8E-0FD45E71F16D} = {8C3C7CB5-597A-477A-AAD7-E37762F6591E}
	EndGlobalSection
EndGlobal
